// !$*UTF8*$!
{
	archiveVersion = 1;
	classes = {
	};
	objectVersion = 56;
	objects = {

/* Begin PBXBuildFile section */
		474C02D72AA322BD00A78B3A /* Pokedex_PlatziApp.swift in Sources */ = {isa = PBXBuildFile; fileRef = 474C02D62AA322BD00A78B3A /* Pokedex_PlatziApp.swift */; };
		474C02D92AA322BD00A78B3A /* Persistence.swift in Sources */ = {isa = PBXBuildFile; fileRef = 474C02D82AA322BD00A78B3A /* Persistence.swift */; };
		474C02DC2AA322BD00A78B3A /* Pokedex_Platzi.xcdatamodeld in Sources */ = {isa = PBXBuildFile; fileRef = 474C02DA2AA322BD00A78B3A /* Pokedex_Platzi.xcdatamodeld */; };
		474C02DE2AA322BD00A78B3A /* ContentView.swift in Sources */ = {isa = PBXBuildFile; fileRef = 474C02DD2AA322BD00A78B3A /* ContentView.swift */; };
		474C02E02AA322CF00A78B3A /* Assets.xcassets in Resources */ = {isa = PBXBuildFile; fileRef = 474C02DF2AA322CF00A78B3A /* Assets.xcassets */; };
		474C02E42AA322CF00A78B3A /* Preview Assets.xcassets in Resources */ = {isa = PBXBuildFile; fileRef = 474C02E32AA322CF00A78B3A /* Preview Assets.xcassets */; };
		474C02EE2AA322D000A78B3A /* Pokedex_PlatziTests.swift in Sources */ = {isa = PBXBuildFile; fileRef = 474C02ED2AA322D000A78B3A /* Pokedex_PlatziTests.swift */; };
		474C02F82AA322D000A78B3A /* Pokedex_PlatziUITests.swift in Sources */ = {isa = PBXBuildFile; fileRef = 474C02F72AA322D000A78B3A /* Pokedex_PlatziUITests.swift */; };
		474C02FA2AA322D000A78B3A /* Pokedex_PlatziUITestsLaunchTests.swift in Sources */ = {isa = PBXBuildFile; fileRef = 474C02F92AA322D000A78B3A /* Pokedex_PlatziUITestsLaunchTests.swift */; };
/* End PBXBuildFile section */

/* Begin PBXContainerItemProxy section */
		474C02EA2AA322D000A78B3A /* PBXContainerItemProxy */ = {
			isa = PBXContainerItemProxy;
			containerPortal = 474C02CB2AA322BD00A78B3A /* Project object */;
			proxyType = 1;
			remoteGlobalIDString = 474C02D22AA322BD00A78B3A;
			remoteInfo = "Pokedex-Platzi";
		};
		474C02F42AA322D000A78B3A /* PBXContainerItemProxy */ = {
			isa = PBXContainerItemProxy;
			containerPortal = 474C02CB2AA322BD00A78B3A /* Project object */;
			proxyType = 1;
			remoteGlobalIDString = 474C02D22AA322BD00A78B3A;
			remoteInfo = "Pokedex-Platzi";
		};
/* End PBXContainerItemProxy section */

/* Begin PBXFileReference section */
		474C02D32AA322BD00A78B3A /* Pokedex-Platzi.app */ = {isa = PBXFileReference; explicitFileType = wrapper.application; includeInIndex = 0; path = "Pokedex-Platzi.app"; sourceTree = BUILT_PRODUCTS_DIR; };
		474C02D62AA322BD00A78B3A /* Pokedex_PlatziApp.swift */ = {isa = PBXFileReference; lastKnownFileType = sourcecode.swift; path = Pokedex_PlatziApp.swift; sourceTree = "<group>"; };
		474C02D82AA322BD00A78B3A /* Persistence.swift */ = {isa = PBXFileReference; lastKnownFileType = sourcecode.swift; path = Persistence.swift; sourceTree = "<group>"; };
		474C02DB2AA322BD00A78B3A /* Pokedex_Platzi.xcdatamodel */ = {isa = PBXFileReference; lastKnownFileType = wrapper.xcdatamodel; path = Pokedex_Platzi.xcdatamodel; sourceTree = "<group>"; };
		474C02DD2AA322BD00A78B3A /* ContentView.swift */ = {isa = PBXFileReference; lastKnownFileType = sourcecode.swift; path = ContentView.swift; sourceTree = "<group>"; };
		474C02DF2AA322CF00A78B3A /* Assets.xcassets */ = {isa = PBXFileReference; lastKnownFileType = folder.assetcatalog; path = Assets.xcassets; sourceTree = "<group>"; };
		474C02E12AA322CF00A78B3A /* Pokedex_Platzi.entitlements */ = {isa = PBXFileReference; lastKnownFileType = text.plist.entitlements; path = Pokedex_Platzi.entitlements; sourceTree = "<group>"; };
		474C02E32AA322CF00A78B3A /* Preview Assets.xcassets */ = {isa = PBXFileReference; lastKnownFileType = folder.assetcatalog; path = "Preview Assets.xcassets"; sourceTree = "<group>"; };
		474C02E92AA322D000A78B3A /* Pokedex-PlatziTests.xctest */ = {isa = PBXFileReference; explicitFileType = wrapper.cfbundle; includeInIndex = 0; path = "Pokedex-PlatziTests.xctest"; sourceTree = BUILT_PRODUCTS_DIR; };
		474C02ED2AA322D000A78B3A /* Pokedex_PlatziTests.swift */ = {isa = PBXFileReference; lastKnownFileType = sourcecode.swift; path = Pokedex_PlatziTests.swift; sourceTree = "<group>"; };
		474C02F32AA322D000A78B3A /* Pokedex-PlatziUITests.xctest */ = {isa = PBXFileReference; explicitFileType = wrapper.cfbundle; includeInIndex = 0; path = "Pokedex-PlatziUITests.xctest"; sourceTree = BUILT_PRODUCTS_DIR; };
		474C02F72AA322D000A78B3A /* Pokedex_PlatziUITests.swift */ = {isa = PBXFileReference; lastKnownFileType = sourcecode.swift; path = Pokedex_PlatziUITests.swift; sourceTree = "<group>"; };
		474C02F92AA322D000A78B3A /* Pokedex_PlatziUITestsLaunchTests.swift */ = {isa = PBXFileReference; lastKnownFileType = sourcecode.swift; path = Pokedex_PlatziUITestsLaunchTests.swift; sourceTree = "<group>"; };
/* End PBXFileReference section */

/* Begin PBXFrameworksBuildPhase section */
		474C02D02AA322BD00A78B3A /* Frameworks */ = {
			isa = PBXFrameworksBuildPhase;
			buildActionMask = 2147483647;
			files = (
			);
			runOnlyForDeploymentPostprocessing = 0;
		};
		474C02E62AA322D000A78B3A /* Frameworks */ = {
			isa = PBXFrameworksBuildPhase;
			buildActionMask = 2147483647;
			files = (
			);
			runOnlyForDeploymentPostprocessing = 0;
		};
		474C02F02AA322D000A78B3A /* Frameworks */ = {
			isa = PBXFrameworksBuildPhase;
			buildActionMask = 2147483647;
			files = (
			);
			runOnlyForDeploymentPostprocessing = 0;
		};
/* End PBXFrameworksBuildPhase section */

/* Begin PBXGroup section */
		474C02CA2AA322BD00A78B3A = {
			isa = PBXGroup;
			children = (
				474C02D52AA322BD00A78B3A /* Pokedex-Platzi */,
				474C02EC2AA322D000A78B3A /* Pokedex-PlatziTests */,
				474C02F62AA322D000A78B3A /* Pokedex-PlatziUITests */,
				474C02D42AA322BD00A78B3A /* Products */,
			);
			sourceTree = "<group>";
		};
		474C02D42AA322BD00A78B3A /* Products */ = {
			isa = PBXGroup;
			children = (
				474C02D32AA322BD00A78B3A /* Pokedex-Platzi.app */,
				474C02E92AA322D000A78B3A /* Pokedex-PlatziTests.xctest */,
				474C02F32AA322D000A78B3A /* Pokedex-PlatziUITests.xctest */,
			);
			name = Products;
			sourceTree = "<group>";
		};
		474C02D52AA322BD00A78B3A /* Pokedex-Platzi */ = {
			isa = PBXGroup;
			children = (
				474C02D62AA322BD00A78B3A /* Pokedex_PlatziApp.swift */,
				474C02D82AA322BD00A78B3A /* Persistence.swift */,
				474C02DD2AA322BD00A78B3A /* ContentView.swift */,
				474C02DF2AA322CF00A78B3A /* Assets.xcassets */,
				474C02E12AA322CF00A78B3A /* Pokedex_Platzi.entitlements */,
				474C02DA2AA322BD00A78B3A /* Pokedex_Platzi.xcdatamodeld */,
				474C02E22AA322CF00A78B3A /* Preview Content */,
			);
			path = "Pokedex-Platzi";
			sourceTree = "<group>";
		};
		474C02E22AA322CF00A78B3A /* Preview Content */ = {
			isa = PBXGroup;
			children = (
				474C02E32AA322CF00A78B3A /* Preview Assets.xcassets */,
			);
			path = "Preview Content";
			sourceTree = "<group>";
		};
		474C02EC2AA322D000A78B3A /* Pokedex-PlatziTests */ = {
			isa = PBXGroup;
			children = (
				474C02ED2AA322D000A78B3A /* Pokedex_PlatziTests.swift */,
			);
			path = "Pokedex-PlatziTests";
			sourceTree = "<group>";
		};
		474C02F62AA322D000A78B3A /* Pokedex-PlatziUITests */ = {
			isa = PBXGroup;
			children = (
				474C02F72AA322D000A78B3A /* Pokedex_PlatziUITests.swift */,
				474C02F92AA322D000A78B3A /* Pokedex_PlatziUITestsLaunchTests.swift */,
			);
			path = "Pokedex-PlatziUITests";
			sourceTree = "<group>";
		};
/* End PBXGroup section */

/* Begin PBXNativeTarget section */
		474C02D22AA322BD00A78B3A /* Pokedex-Platzi */ = {
			isa = PBXNativeTarget;
			buildConfigurationList = 474C02FD2AA322D000A78B3A /* Build configuration list for PBXNativeTarget "Pokedex-Platzi" */;
			buildPhases = (
				474C02CF2AA322BD00A78B3A /* Sources */,
				474C02D02AA322BD00A78B3A /* Frameworks */,
				474C02D12AA322BD00A78B3A /* Resources */,
			);
			buildRules = (
			);
			dependencies = (
			);
			name = "Pokedex-Platzi";
			productName = "Pokedex-Platzi";
			productReference = 474C02D32AA322BD00A78B3A /* Pokedex-Platzi.app */;
			productType = "com.apple.product-type.application";
		};
		474C02E82AA322D000A78B3A /* Pokedex-PlatziTests */ = {
			isa = PBXNativeTarget;
			buildConfigurationList = 474C03002AA322D000A78B3A /* Build configuration list for PBXNativeTarget "Pokedex-PlatziTests" */;
			buildPhases = (
				474C02E52AA322D000A78B3A /* Sources */,
				474C02E62AA322D000A78B3A /* Frameworks */,
				474C02E72AA322D000A78B3A /* Resources */,
			);
			buildRules = (
			);
			dependencies = (
				474C02EB2AA322D000A78B3A /* PBXTargetDependency */,
			);
			name = "Pokedex-PlatziTests";
			productName = "Pokedex-PlatziTests";
			productReference = 474C02E92AA322D000A78B3A /* Pokedex-PlatziTests.xctest */;
			productType = "com.apple.product-type.bundle.unit-test";
		};
		474C02F22AA322D000A78B3A /* Pokedex-PlatziUITests */ = {
			isa = PBXNativeTarget;
			buildConfigurationList = 474C03032AA322D000A78B3A /* Build configuration list for PBXNativeTarget "Pokedex-PlatziUITests" */;
			buildPhases = (
				474C02EF2AA322D000A78B3A /* Sources */,
				474C02F02AA322D000A78B3A /* Frameworks */,
				474C02F12AA322D000A78B3A /* Resources */,
			);
			buildRules = (
			);
			dependencies = (
				474C02F52AA322D000A78B3A /* PBXTargetDependency */,
			);
			name = "Pokedex-PlatziUITests";
			productName = "Pokedex-PlatziUITests";
			productReference = 474C02F32AA322D000A78B3A /* Pokedex-PlatziUITests.xctest */;
			productType = "com.apple.product-type.bundle.ui-testing";
		};
/* End PBXNativeTarget section */

/* Begin PBXProject section */
		474C02CB2AA322BD00A78B3A /* Project object */ = {
			isa = PBXProject;
			attributes = {
				BuildIndependentTargetsInParallel = 1;
				LastSwiftUpdateCheck = 1420;
				LastUpgradeCheck = 1420;
				TargetAttributes = {
					474C02D22AA322BD00A78B3A = {
						CreatedOnToolsVersion = 14.2;
					};
					474C02E82AA322D000A78B3A = {
						CreatedOnToolsVersion = 14.2;
						TestTargetID = 474C02D22AA322BD00A78B3A;
					};
					474C02F22AA322D000A78B3A = {
						CreatedOnToolsVersion = 14.2;
						TestTargetID = 474C02D22AA322BD00A78B3A;
					};
				};
			};
			buildConfigurationList = 474C02CE2AA322BD00A78B3A /* Build configuration list for PBXProject "Pokedex-Platzi" */;
			compatibilityVersion = "Xcode 14.0";
			developmentRegion = en;
			hasScannedForEncodings = 0;
			knownRegions = (
				en,
				Base,
			);
			mainGroup = 474C02CA2AA322BD00A78B3A;
			productRefGroup = 474C02D42AA322BD00A78B3A /* Products */;
			projectDirPath = "";
			projectRoot = "";
			targets = (
				474C02D22AA322BD00A78B3A /* Pokedex-Platzi */,
				474C02E82AA322D000A78B3A /* Pokedex-PlatziTests */,
				474C02F22AA322D000A78B3A /* Pokedex-PlatziUITests */,
			);
		};
/* End PBXProject section */

/* Begin PBXResourcesBuildPhase section */
		474C02D12AA322BD00A78B3A /* Resources */ = {
			isa = PBXResourcesBuildPhase;
			buildActionMask = 2147483647;
			files = (
				474C02E42AA322CF00A78B3A /* Preview Assets.xcassets in Resources */,
				474C02E02AA322CF00A78B3A /* Assets.xcassets in Resources */,
			);
			runOnlyForDeploymentPostprocessing = 0;
		};
		474C02E72AA322D000A78B3A /* Resources */ = {
			isa = PBXResourcesBuildPhase;
			buildActionMask = 2147483647;
			files = (
			);
			runOnlyForDeploymentPostprocessing = 0;
		};
		474C02F12AA322D000A78B3A /* Resources */ = {
			isa = PBXResourcesBuildPhase;
			buildActionMask = 2147483647;
			files = (
			);
			runOnlyForDeploymentPostprocessing = 0;
		};
/* End PBXResourcesBuildPhase section */

/* Begin PBXSourcesBuildPhase section */
		474C02CF2AA322BD00A78B3A /* Sources */ = {
			isa = PBXSourcesBuildPhase;
			buildActionMask = 2147483647;
			files = (
				474C02DC2AA322BD00A78B3A /* Pokedex_Platzi.xcdatamodeld in Sources */,
				474C02D72AA322BD00A78B3A /* Pokedex_PlatziApp.swift in Sources */,
				474C02DE2AA322BD00A78B3A /* ContentView.swift in Sources */,
				474C02D92AA322BD00A78B3A /* Persistence.swift in Sources */,
			);
			runOnlyForDeploymentPostprocessing = 0;
		};
		474C02E52AA322D000A78B3A /* Sources */ = {
			isa = PBXSourcesBuildPhase;
			buildActionMask = 2147483647;
			files = (
				474C02EE2AA322D000A78B3A /* Pokedex_PlatziTests.swift in Sources */,
			);
			runOnlyForDeploymentPostprocessing = 0;
		};
		474C02EF2AA322D000A78B3A /* Sources */ = {
			isa = PBXSourcesBuildPhase;
			buildActionMask = 2147483647;
			files = (
				474C02F82AA322D000A78B3A /* Pokedex_PlatziUITests.swift in Sources */,
				474C02FA2AA322D000A78B3A /* Pokedex_PlatziUITestsLaunchTests.swift in Sources */,
			);
			runOnlyForDeploymentPostprocessing = 0;
		};
/* End PBXSourcesBuildPhase section */

/* Begin PBXTargetDependency section */
		474C02EB2AA322D000A78B3A /* PBXTargetDependency */ = {
			isa = PBXTargetDependency;
			target = 474C02D22AA322BD00A78B3A /* Pokedex-Platzi */;
			targetProxy = 474C02EA2AA322D000A78B3A /* PBXContainerItemProxy */;
		};
		474C02F52AA322D000A78B3A /* PBXTargetDependency */ = {
			isa = PBXTargetDependency;
			target = 474C02D22AA322BD00A78B3A /* Pokedex-Platzi */;
			targetProxy = 474C02F42AA322D000A78B3A /* PBXContainerItemProxy */;
		};
/* End PBXTargetDependency section */

/* Begin XCBuildConfiguration section */
		474C02FB2AA322D000A78B3A /* Debug */ = {
			isa = XCBuildConfiguration;
			buildSettings = {
				ALWAYS_SEARCH_USER_PATHS = NO;
				CLANG_ANALYZER_NONNULL = YES;
				CLANG_ANALYZER_NUMBER_OBJECT_CONVERSION = YES_AGGRESSIVE;
				CLANG_CXX_LANGUAGE_STANDARD = "gnu++20";
				CLANG_ENABLE_MODULES = YES;
				CLANG_ENABLE_OBJC_ARC = YES;
				CLANG_ENABLE_OBJC_WEAK = YES;
				CLANG_WARN_BLOCK_CAPTURE_AUTORELEASING = YES;
				CLANG_WARN_BOOL_CONVERSION = YES;
				CLANG_WARN_COMMA = YES;
				CLANG_WARN_CONSTANT_CONVERSION = YES;
				CLANG_WARN_DEPRECATED_OBJC_IMPLEMENTATIONS = YES;
				CLANG_WARN_DIRECT_OBJC_ISA_USAGE = YES_ERROR;
				CLANG_WARN_DOCUMENTATION_COMMENTS = YES;
				CLANG_WARN_EMPTY_BODY = YES;
				CLANG_WARN_ENUM_CONVERSION = YES;
				CLANG_WARN_INFINITE_RECURSION = YES;
				CLANG_WARN_INT_CONVERSION = YES;
				CLANG_WARN_NON_LITERAL_NULL_CONVERSION = YES;
				CLANG_WARN_OBJC_IMPLICIT_RETAIN_SELF = YES;
				CLANG_WARN_OBJC_LITERAL_CONVERSION = YES;
				CLANG_WARN_OBJC_ROOT_CLASS = YES_ERROR;
				CLANG_WARN_QUOTED_INCLUDE_IN_FRAMEWORK_HEADER = YES;
				CLANG_WARN_RANGE_LOOP_ANALYSIS = YES;
				CLANG_WARN_STRICT_PROTOTYPES = YES;
				CLANG_WARN_SUSPICIOUS_MOVE = YES;
				CLANG_WARN_UNGUARDED_AVAILABILITY = YES_AGGRESSIVE;
				CLANG_WARN_UNREACHABLE_CODE = YES;
				CLANG_WARN__DUPLICATE_METHOD_MATCH = YES;
				COPY_PHASE_STRIP = NO;
				DEBUG_INFORMATION_FORMAT = dwarf;
				ENABLE_STRICT_OBJC_MSGSEND = YES;
				ENABLE_TESTABILITY = YES;
				GCC_C_LANGUAGE_STANDARD = gnu11;
				GCC_DYNAMIC_NO_PIC = NO;
				GCC_NO_COMMON_BLOCKS = YES;
				GCC_OPTIMIZATION_LEVEL = 0;
				GCC_PREPROCESSOR_DEFINITIONS = (
					"DEBUG=1",
					"$(inherited)",
				);
				GCC_WARN_64_TO_32_BIT_CONVERSION = YES;
				GCC_WARN_ABOUT_RETURN_TYPE = YES_ERROR;
				GCC_WARN_UNDECLARED_SELECTOR = YES;
				GCC_WARN_UNINITIALIZED_AUTOS = YES_AGGRESSIVE;
				GCC_WARN_UNUSED_FUNCTION = YES;
				GCC_WARN_UNUSED_VARIABLE = YES;
				MTL_ENABLE_DEBUG_INFO = INCLUDE_SOURCE;
				MTL_FAST_MATH = YES;
				ONLY_ACTIVE_ARCH = YES;
				SWIFT_ACTIVE_COMPILATION_CONDITIONS = DEBUG;
				SWIFT_OPTIMIZATION_LEVEL = "-Onone";
			};
			name = Debug;
		};
		474C02FC2AA322D000A78B3A /* Release */ = {
			isa = XCBuildConfiguration;
			buildSettings = {
				ALWAYS_SEARCH_USER_PATHS = NO;
				CLANG_ANALYZER_NONNULL = YES;
				CLANG_ANALYZER_NUMBER_OBJECT_CONVERSION = YES_AGGRESSIVE;
				CLANG_CXX_LANGUAGE_STANDARD = "gnu++20";
				CLANG_ENABLE_MODULES = YES;
				CLANG_ENABLE_OBJC_ARC = YES;
				CLANG_ENABLE_OBJC_WEAK = YES;
				CLANG_WARN_BLOCK_CAPTURE_AUTORELEASING = YES;
				CLANG_WARN_BOOL_CONVERSION = YES;
				CLANG_WARN_COMMA = YES;
				CLANG_WARN_CONSTANT_CONVERSION = YES;
				CLANG_WARN_DEPRECATED_OBJC_IMPLEMENTATIONS = YES;
				CLANG_WARN_DIRECT_OBJC_ISA_USAGE = YES_ERROR;
				CLANG_WARN_DOCUMENTATION_COMMENTS = YES;
				CLANG_WARN_EMPTY_BODY = YES;
				CLANG_WARN_ENUM_CONVERSION = YES;
				CLANG_WARN_INFINITE_RECURSION = YES;
				CLANG_WARN_INT_CONVERSION = YES;
				CLANG_WARN_NON_LITERAL_NULL_CONVERSION = YES;
				CLANG_WARN_OBJC_IMPLICIT_RETAIN_SELF = YES;
				CLANG_WARN_OBJC_LITERAL_CONVERSION = YES;
				CLANG_WARN_OBJC_ROOT_CLASS = YES_ERROR;
				CLANG_WARN_QUOTED_INCLUDE_IN_FRAMEWORK_HEADER = YES;
				CLANG_WARN_RANGE_LOOP_ANALYSIS = YES;
				CLANG_WARN_STRICT_PROTOTYPES = YES;
				CLANG_WARN_SUSPICIOUS_MOVE = YES;
				CLANG_WARN_UNGUARDED_AVAILABILITY = YES_AGGRESSIVE;
				CLANG_WARN_UNREACHABLE_CODE = YES;
				CLANG_WARN__DUPLICATE_METHOD_MATCH = YES;
				COPY_PHASE_STRIP = NO;
				DEBUG_INFORMATION_FORMAT = "dwarf-with-dsym";
				ENABLE_NS_ASSERTIONS = NO;
				ENABLE_STRICT_OBJC_MSGSEND = YES;
				GCC_C_LANGUAGE_STANDARD = gnu11;
				GCC_NO_COMMON_BLOCKS = YES;
				GCC_WARN_64_TO_32_BIT_CONVERSION = YES;
				GCC_WARN_ABOUT_RETURN_TYPE = YES_ERROR;
				GCC_WARN_UNDECLARED_SELECTOR = YES;
				GCC_WARN_UNINITIALIZED_AUTOS = YES_AGGRESSIVE;
				GCC_WARN_UNUSED_FUNCTION = YES;
				GCC_WARN_UNUSED_VARIABLE = YES;
				MTL_ENABLE_DEBUG_INFO = NO;
				MTL_FAST_MATH = YES;
				SWIFT_COMPILATION_MODE = wholemodule;
				SWIFT_OPTIMIZATION_LEVEL = "-O";
			};
			name = Release;
		};
		474C02FE2AA322D000A78B3A /* Debug */ = {
			isa = XCBuildConfiguration;
			buildSettings = {
				ASSETCATALOG_COMPILER_APPICON_NAME = AppIcon;
				ASSETCATALOG_COMPILER_GLOBAL_ACCENT_COLOR_NAME = AccentColor;
				CODE_SIGN_ENTITLEMENTS = "Pokedex-Platzi/Pokedex_Platzi.entitlements";
				CODE_SIGN_STYLE = Automatic;
				CURRENT_PROJECT_VERSION = 1;
				DEVELOPMENT_ASSET_PATHS = "\"Pokedex-Platzi/Preview Content\"";
				DEVELOPMENT_TEAM = K357BR6MN2;
				ENABLE_HARDENED_RUNTIME = YES;
				ENABLE_PREVIEWS = YES;
				GENERATE_INFOPLIST_FILE = YES;
				"INFOPLIST_KEY_UIApplicationSceneManifest_Generation[sdk=iphoneos*]" = YES;
				"INFOPLIST_KEY_UIApplicationSceneManifest_Generation[sdk=iphonesimulator*]" = YES;
				"INFOPLIST_KEY_UIApplicationSupportsIndirectInputEvents[sdk=iphoneos*]" = YES;
				"INFOPLIST_KEY_UIApplicationSupportsIndirectInputEvents[sdk=iphonesimulator*]" = YES;
				"INFOPLIST_KEY_UILaunchScreen_Generation[sdk=iphoneos*]" = YES;
				"INFOPLIST_KEY_UILaunchScreen_Generation[sdk=iphonesimulator*]" = YES;
				"INFOPLIST_KEY_UIStatusBarStyle[sdk=iphoneos*]" = UIStatusBarStyleDefault;
				"INFOPLIST_KEY_UIStatusBarStyle[sdk=iphonesimulator*]" = UIStatusBarStyleDefault;
				INFOPLIST_KEY_UISupportedInterfaceOrientations_iPad = "UIInterfaceOrientationPortrait UIInterfaceOrientationPortraitUpsideDown UIInterfaceOrientationLandscapeLeft UIInterfaceOrientationLandscapeRight";
				INFOPLIST_KEY_UISupportedInterfaceOrientations_iPhone = "UIInterfaceOrientationPortrait UIInterfaceOrientationLandscapeLeft UIInterfaceOrientationLandscapeRight";
				IPHONEOS_DEPLOYMENT_TARGET = 16.2;
				LD_RUNPATH_SEARCH_PATHS = "@executable_path/Frameworks";
				"LD_RUNPATH_SEARCH_PATHS[sdk=macosx*]" = "@executable_path/../Frameworks";
				MACOSX_DEPLOYMENT_TARGET = 12.6;
				MARKETING_VERSION = 1.0;
				PRODUCT_BUNDLE_IDENTIFIER = "com.andcamilo001.Pokedex-Platzi";
				PRODUCT_NAME = "$(TARGET_NAME)";
				SDKROOT = auto;
				SUPPORTED_PLATFORMS = "iphoneos iphonesimulator macosx";
				SWIFT_EMIT_LOC_STRINGS = YES;
				SWIFT_VERSION = 5.0;
				TARGETED_DEVICE_FAMILY = "1,2";
			};
			name = Debug;
		};
		474C02FF2AA322D000A78B3A /* Release */ = {
			isa = XCBuildConfiguration;
			buildSettings = {
				ASSETCATALOG_COMPILER_APPICON_NAME = AppIcon;
				ASSETCATALOG_COMPILER_GLOBAL_ACCENT_COLOR_NAME = AccentColor;
				CODE_SIGN_ENTITLEMENTS = "Pokedex-Platzi/Pokedex_Platzi.entitlements";
				CODE_SIGN_STYLE = Automatic;
				CURRENT_PROJECT_VERSION = 1;
				DEVELOPMENT_ASSET_PATHS = "\"Pokedex-Platzi/Preview Content\"";
				DEVELOPMENT_TEAM = K357BR6MN2;
				ENABLE_HARDENED_RUNTIME = YES;
				ENABLE_PREVIEWS = YES;
				GENERATE_INFOPLIST_FILE = YES;
				"INFOPLIST_KEY_UIApplicationSceneManifest_Generation[sdk=iphoneos*]" = YES;
				"INFOPLIST_KEY_UIApplicationSceneManifest_Generation[sdk=iphonesimulator*]" = YES;
				"INFOPLIST_KEY_UIApplicationSupportsIndirectInputEvents[sdk=iphoneos*]" = YES;
				"INFOPLIST_KEY_UIApplicationSupportsIndirectInputEvents[sdk=iphonesimulator*]" = YES;
				"INFOPLIST_KEY_UILaunchScreen_Generation[sdk=iphoneos*]" = YES;
				"INFOPLIST_KEY_UILaunchScreen_Generation[sdk=iphonesimulator*]" = YES;
				"INFOPLIST_KEY_UIStatusBarStyle[sdk=iphoneos*]" = UIStatusBarStyleDefault;
				"INFOPLIST_KEY_UIStatusBarStyle[sdk=iphonesimulator*]" = UIStatusBarStyleDefault;
				INFOPLIST_KEY_UISupportedInterfaceOrientations_iPad = "UIInterfaceOrientationPortrait UIInterfaceOrientationPortraitUpsideDown UIInterfaceOrientationLandscapeLeft UIInterfaceOrientationLandscapeRight";
				INFOPLIST_KEY_UISupportedInterfaceOrientations_iPhone = "UIInterfaceOrientationPortrait UIInterfaceOrientationLandscapeLeft UIInterfaceOrientationLandscapeRight";
				IPHONEOS_DEPLOYMENT_TARGET = 16.2;
				LD_RUNPATH_SEARCH_PATHS = "@executable_path/Frameworks";
				"LD_RUNPATH_SEARCH_PATHS[sdk=macosx*]" = "@executable_path/../Frameworks";
				MACOSX_DEPLOYMENT_TARGET = 12.6;
				MARKETING_VERSION = 1.0;
				PRODUCT_BUNDLE_IDENTIFIER = "com.andcamilo001.Pokedex-Platzi";
				PRODUCT_NAME = "$(TARGET_NAME)";
				SDKROOT = auto;
				SUPPORTED_PLATFORMS = "iphoneos iphonesimulator macosx";
				SWIFT_EMIT_LOC_STRINGS = YES;
				SWIFT_VERSION = 5.0;
				TARGETED_DEVICE_FAMILY = "1,2";
			};
			name = Release;
		};
		474C03012AA322D000A78B3A /* Debug */ = {
			isa = XCBuildConfiguration;
			buildSettings = {
				ALWAYS_EMBED_SWIFT_STANDARD_LIBRARIES = YES;
				BUNDLE_LOADER = "$(TEST_HOST)";
				CODE_SIGN_STYLE = Automatic;
				CURRENT_PROJECT_VERSION = 1;
				DEVELOPMENT_TEAM = K357BR6MN2;
				GENERATE_INFOPLIST_FILE = YES;
				IPHONEOS_DEPLOYMENT_TARGET = 16.2;
				MACOSX_DEPLOYMENT_TARGET = 12.6;
				MARKETING_VERSION = 1.0;
				PRODUCT_BUNDLE_IDENTIFIER = "com.andcamilo001.Pokedex-PlatziTests";
				PRODUCT_NAME = "$(TARGET_NAME)";
				SDKROOT = auto;
				SUPPORTED_PLATFORMS = "iphoneos iphonesimulator macosx";
				SWIFT_EMIT_LOC_STRINGS = NO;
				SWIFT_VERSION = 5.0;
				TARGETED_DEVICE_FAMILY = "1,2";
				TEST_HOST = "$(BUILT_PRODUCTS_DIR)/Pokedex-Platzi.app/$(BUNDLE_EXECUTABLE_FOLDER_PATH)/Pokedex-Platzi";
			};
			name = Debug;
		};
		474C03022AA322D000A78B3A /* Release */ = {
			isa = XCBuildConfiguration;
			buildSettings = {
				ALWAYS_EMBED_SWIFT_STANDARD_LIBRARIES = YES;
				BUNDLE_LOADER = "$(TEST_HOST)";
				CODE_SIGN_STYLE = Automatic;
				CURRENT_PROJECT_VERSION = 1;
				DEVELOPMENT_TEAM = K357BR6MN2;
				GENERATE_INFOPLIST_FILE = YES;
				IPHONEOS_DEPLOYMENT_TARGET = 16.2;
				MACOSX_DEPLOYMENT_TARGET = 12.6;
				MARKETING_VERSION = 1.0;
				PRODUCT_BUNDLE_IDENTIFIER = "com.andcamilo001.Pokedex-PlatziTests";
				PRODUCT_NAME = "$(TARGET_NAME)";
				SDKROOT = auto;
				SUPPORTED_PLATFORMS = "iphoneos iphonesimulator macosx";
				SWIFT_EMIT_LOC_STRINGS = NO;
				SWIFT_VERSION = 5.0;
				TARGETED_DEVICE_FAMILY = "1,2";
				TEST_HOST = "$(BUILT_PRODUCTS_DIR)/Pokedex-Platzi.app/$(BUNDLE_EXECUTABLE_FOLDER_PATH)/Pokedex-Platzi";
			};
			name = Release;
		};
		474C03042AA322D000A78B3A /* Debug */ = {
			isa = XCBuildConfiguration;
			buildSettings = {
				ALWAYS_EMBED_SWIFT_STANDARD_LIBRARIES = YES;
				CODE_SIGN_STYLE = Automatic;
				CURRENT_PROJECT_VERSION = 1;
				DEVELOPMENT_TEAM = K357BR6MN2;
				GENERATE_INFOPLIST_FILE = YES;
				IPHONEOS_DEPLOYMENT_TARGET = 16.2;
				MACOSX_DEPLOYMENT_TARGET = 12.6;
				MARKETING_VERSION = 1.0;
				PRODUCT_BUNDLE_IDENTIFIER = "com.andcamilo001.Pokedex-PlatziUITests";
				PRODUCT_NAME = "$(TARGET_NAME)";
				SDKROOT = auto;
				SUPPORTED_PLATFORMS = "iphoneos iphonesimulator macosx";
				SWIFT_EMIT_LOC_STRINGS = NO;
				SWIFT_VERSION = 5.0;
				TARGETED_DEVICE_FAMILY = "1,2";
				TEST_TARGET_NAME = "Pokedex-Platzi";
			};
			name = Debug;
		};
		474C03052AA322D000A78B3A /* Release */ = {
			isa = XCBuildConfiguration;
			buildSettings = {
				ALWAYS_EMBED_SWIFT_STANDARD_LIBRARIES = YES;
				CODE_SIGN_STYLE = Automatic;
				CURRENT_PROJECT_VERSION = 1;
				DEVELOPMENT_TEAM = K357BR6MN2;
				GENERATE_INFOPLIST_FILE = YES;
				IPHONEOS_DEPLOYMENT_TARGET = 16.2;
				MACOSX_DEPLOYMENT_TARGET = 12.6;
				MARKETING_VERSION = 1.0;
				PRODUCT_BUNDLE_IDENTIFIER = "com.andcamilo001.Pokedex-PlatziUITests";
				PRODUCT_NAME = "$(TARGET_NAME)";
				SDKROOT = auto;
				SUPPORTED_PLATFORMS = "iphoneos iphonesimulator macosx";
				SWIFT_EMIT_LOC_STRINGS = NO;
				SWIFT_VERSION = 5.0;
				TARGETED_DEVICE_FAMILY = "1,2";
				TEST_TARGET_NAME = "Pokedex-Platzi";
			};
			name = Release;
		};
/* End XCBuildConfiguration section */

/* Begin XCConfigurationList section */
		474C02CE2AA322BD00A78B3A /* Build configuration list for PBXProject "Pokedex-Platzi" */ = {
			isa = XCConfigurationList;
			buildConfigurations = (
				474C02FB2AA322D000A78B3A /* Debug */,
				474C02FC2AA322D000A78B3A /* Release */,
			);
			defaultConfigurationIsVisible = 0;
			defaultConfigurationName = Release;
		};
		474C02FD2AA322D000A78B3A /* Build configuration list for PBXNativeTarget "Pokedex-Platzi" */ = {
			isa = XCConfigurationList;
			buildConfigurations = (
				474C02FE2AA322D000A78B3A /* Debug */,
				474C02FF2AA322D000A78B3A /* Release */,
			);
			defaultConfigurationIsVisible = 0;
			defaultConfigurationName = Release;
		};
		474C03002AA322D000A78B3A /* Build configuration list for PBXNativeTarget "Pokedex-PlatziTests" */ = {
			isa = XCConfigurationList;
			buildConfigurations = (
				474C03012AA322D000A78B3A /* Debug */,
				474C03022AA322D000A78B3A /* Release */,
			);
			defaultConfigurationIsVisible = 0;
			defaultConfigurationName = Release;
		};
		474C03032AA322D000A78B3A /* Build configuration list for PBXNativeTarget "Pokedex-PlatziUITests" */ = {
			isa = XCConfigurationList;
			buildConfigurations = (
				474C03042AA322D000A78B3A /* Debug */,
				474C03052AA322D000A78B3A /* Release */,
			);
			defaultConfigurationIsVisible = 0;
			defaultConfigurationName = Release;
		};
/* End XCConfigurationList section */

/* Begin XCVersionGroup section */
		474C02DA2AA322BD00A78B3A /* Pokedex_Platzi.xcdatamodeld */ = {
			isa = XCVersionGroup;
			children = (
				474C02DB2AA322BD00A78B3A /* Pokedex_Platzi.xcdatamodel */,
			);
			currentVersion = 474C02DB2AA322BD00A78B3A /* Pokedex_Platzi.xcdatamodel */;
			path = Pokedex_Platzi.xcdatamodeld;
			sourceTree = "<group>";
			versionGroupType = wrapper.xcdatamodel;
		};
/* End XCVersionGroup section */
	};
	rootObject = 474C02CB2AA322BD00A78B3A /* Project object */;
}
